
Microsoft Visual Studio Solution File, Format Version 12.00
# Visual Studio Version 16
VisualStudioVersion = 16.0.30503.244
MinimumVisualStudioVersion = 10.0.40219.1
Project("{2150E333-8FDC-42A3-9474-1A3956D46DE8}") = "Feature", "Feature", "{86BFDC11-94DF-4B61-B8E7-A53B22C415BD}"
EndProject
Project("{2150E333-8FDC-42A3-9474-1A3956D46DE8}") = "Foundation", "Foundation", "{501B0EBE-BFD6-47D3-AEA4-26E3E9421A2F}"
EndProject
Project("{2150E333-8FDC-42A3-9474-1A3956D46DE8}") = "Project", "Project", "{13EFB230-3319-4049-9292-332575790905}"
EndProject
Project("{2150E333-8FDC-42A3-9474-1A3956D46DE8}") = "Common", "Common", "{88C2E3C4-7488-4E86-AF4B-E40C82A67BC7}"
EndProject
Project("{2150E333-8FDC-42A3-9474-1A3956D46DE8}") = "Configuration", "Configuration", "{ED7B763F-584F-4BA8-B3C1-FE94BE51388C}"
	ProjectSection(SolutionItems) = preProject
		.editorconfig = .editorconfig
		gulp-config.js = gulp-config.js
		gulpfile.js = gulpfile.js
		nuget.config = nuget.config
		publishsettings.targets = publishsettings.targets
	EndProjectSection
EndProject
Project("{2150E333-8FDC-42A3-9474-1A3956D46DE8}") = "Eurolife", "Eurolife", "{79AA2A0A-9037-4FB5-A88B-84251CABAC6A}"
EndProject
Project("{2150E333-8FDC-42A3-9474-1A3956D46DE8}") = "DependencyInjection", "DependencyInjection", "{8755EA71-79DF-464F-A9C4-513A09A86DE9}"
EndProject
Project("{FAE04EC0-301F-11D3-BF4B-00C04F79EFBC}") = "Wedia.Foundation.DependencyInjection", "src\Foundation\DependencyInjection\code\Wedia.Foundation.DependencyInjection.csproj", "{64188ACE-CC0B-4546-A5B0-2422931E3E05}"
EndProject
Project("{2150E333-8FDC-42A3-9474-1A3956D46DE8}") = "Serialization", "Serialization", "{DF33CD57-2C39-4FF7-8650-887237DD4577}"
EndProject
Project("{FAE04EC0-301F-11D3-BF4B-00C04F79EFBC}") = "Wedia.Foundation.Serialization", "src\Foundation\Serialization\code\Wedia.Foundation.Serialization.csproj", "{D9AF84B9-37B6-41CD-B832-6C367D1A949A}"
EndProject
Project("{FAE04EC0-301F-11D3-BF4B-00C04F79EFBC}") = "Wedia.Common.Website", "src\Project\Common\code\Wedia.Common.Website.csproj", "{9A04B78A-2E9C-4F84-8549-9B44697A8A16}"
EndProject
Project("{FAE04EC0-301F-11D3-BF4B-00C04F79EFBC}") = "Wedia.Eurolife.Website", "src\Project\Eurolife\code\Wedia.Eurolife.Website.csproj", "{1B2156E2-AD21-4034-9109-BA63C417FA98}"
EndProject
Project("{2150E333-8FDC-42A3-9474-1A3956D46DE8}") = "Teasers", "Teasers", "{7710B159-78D6-49D9-B693-322FC2FE97E6}"
EndProject
Project("{FAE04EC0-301F-11D3-BF4B-00C04F79EFBC}") = "Wedia.Feature.Teasers", "src\Feature\Teasers\code\Wedia.Feature.Teasers.csproj", "{64D25E2B-495B-409A-886A-063DC063D839}"
EndProject
Project("{2150E333-8FDC-42A3-9474-1A3956D46DE8}") = "Navigation", "Navigation", "{BE0E1E94-B3C2-4D05-84F5-63CD9B1BDDDF}"
EndProject
Project("{FAE04EC0-301F-11D3-BF4B-00C04F79EFBC}") = "Wedia.Feature.Navigation", "src\Feature\Navigation\code\Wedia.Feature.Navigation.csproj", "{FB4A1437-64FE-4DAF-8693-6D45F0E51890}"
EndProject
Project("{2150E333-8FDC-42A3-9474-1A3956D46DE8}") = "SitecoreExtensions", "SitecoreExtensions", "{248E0790-4E03-4124-A44D-F993D5937BC0}"
EndProject
Project("{FAE04EC0-301F-11D3-BF4B-00C04F79EFBC}") = "Wedia.Foundation.SitecoreExtensions", "src\Foundation\SitecoreExtensions\code\Wedia.Foundation.SitecoreExtensions.csproj", "{08C1BFA2-583C-4102-A545-8C0E97BAE265}"
EndProject
Project("{2150E333-8FDC-42A3-9474-1A3956D46DE8}") = "PageContent", "PageContent", "{C51AF286-117A-42A3-8179-A9771B5D385D}"
EndProject
Project("{FAE04EC0-301F-11D3-BF4B-00C04F79EFBC}") = "Wedia.Feature.PageContent", "src\Feature\PageContent\code\Wedia.Feature.PageContent.csproj", "{E5DA506C-A085-4F0A-9201-F83C763D06CB}"
EndProject
Project("{FAE04EC0-301F-11D3-BF4B-00C04F79EFBC}") = "Wedia.Foundation.Dictionary", "src\Foundation\Dictionary\code\Wedia.Foundation.Dictionary.csproj", "{71DE993F-50E5-4300-A003-F07F877830CD}"
EndProject
Project("{2150E333-8FDC-42A3-9474-1A3956D46DE8}") = "Dictionary", "Dictionary", "{8CB11047-2FA2-497A-88B2-94FFDF2A320C}"
EndProject
Project("{FAE04EC0-301F-11D3-BF4B-00C04F79EFBC}") = "Wedia.Foundation.Dictionary.Tests", "src\Foundation\Dictionary\tests\Wedia.Foundation.Dictionary.Tests.csproj", "{DAFBC422-E779-4E8A-8522-2C3C8081D7D1}"
EndProject
Project("{2150E333-8FDC-42A3-9474-1A3956D46DE8}") = "Indexing", "Indexing", "{441D03D1-40DB-4F94-89D5-83A114905234}"
EndProject
Project("{FAE04EC0-301F-11D3-BF4B-00C04F79EFBC}") = "Wedia.Foundation.Indexing", "src\Foundation\Indexing\code\Wedia.Foundation.Indexing.csproj", "{AC7CFC4C-25CE-46D5-94AB-B2698BD39F7B}"
EndProject
Project("{2150E333-8FDC-42A3-9474-1A3956D46DE8}") = "Person", "Person", "{FBBB8E73-FCFE-481B-B260-2236470E8512}"
EndProject
Project("{FAE04EC0-301F-11D3-BF4B-00C04F79EFBC}") = "Wedia.Feature.Person", "src\Feature\Person\code\Wedia.Feature.Person.csproj", "{C8B44DD5-A34F-4F10-A6DC-F36DFAA27CE7}"
EndProject
Project("{2150E333-8FDC-42A3-9474-1A3956D46DE8}") = "Metadata", "Metadata", "{16F3B321-D6BB-422B-9FF0-79FA93E3052D}"
EndProject
Project("{FAE04EC0-301F-11D3-BF4B-00C04F79EFBC}") = "Wedia.Feature.Metadata", "src\Feature\Metadata\code\Wedia.Feature.Metadata.csproj", "{4B941E17-883C-4C5A-81F9-0886F91BC1DC}"
EndProject
Project("{2150E333-8FDC-42A3-9474-1A3956D46DE8}") = "Storyboard", "Storyboard", "{A290EA67-8658-446A-8B32-F7870D50208F}"
EndProject
Project("{FAE04EC0-301F-11D3-BF4B-00C04F79EFBC}") = "Wedia.Feature.Storyboard", "src\Feature\Storyboard\code\Wedia.Feature.Storyboard.csproj", "{59DE14AE-624A-47B7-BD7A-FC50593BF95D}"
EndProject
Project("{2150E333-8FDC-42A3-9474-1A3956D46DE8}") = "LocalDatasource", "LocalDatasource", "{E767CA1E-FE2E-4283-920E-004453BC9FBE}"
EndProject
Project("{FAE04EC0-301F-11D3-BF4B-00C04F79EFBC}") = "Wedia.Foundation.LocalDatasource", "src\Foundation\LocalDatasource\code\Wedia.Foundation.LocalDatasource.csproj", "{60406B55-9D42-4A1A-9942-953F1CFD8468}"
EndProject
Project("{2150E333-8FDC-42A3-9474-1A3956D46DE8}") = "Product", "Product", "{94640FAA-4334-4CC8-82C8-D94788C23127}"
EndProject
Project("{FAE04EC0-301F-11D3-BF4B-00C04F79EFBC}") = "Wedia.Feature.Product", "src\Feature\Product\code\Wedia.Feature.Product.csproj", "{219369DB-B27B-4235-87BE-6C7407737B36}"
EndProject
Project("{2150E333-8FDC-42A3-9474-1A3956D46DE8}") = "Highlight", "Highlight", "{CCC81897-58BB-4F86-96BC-62FA41FACE6B}"
EndProject
Project("{FAE04EC0-301F-11D3-BF4B-00C04F79EFBC}") = "Wedia.Feature.Highlight", "src\Feature\Highlight\code\Wedia.Feature.Highlight.csproj", "{1BFFBDFA-3B08-4301-8A5E-AA01AFE59FA0}"
EndProject
Project("{2150E333-8FDC-42A3-9474-1A3956D46DE8}") = "FieldEditor", "FieldEditor", "{F37B7141-EF9A-473D-8418-1696A1FC084D}"
EndProject
Project("{FAE04EC0-301F-11D3-BF4B-00C04F79EFBC}") = "Wedia.Foundation.FieldEditor", "src\Foundation\FieldEditor\code\Wedia.Foundation.FieldEditor.csproj", "{39F73ED5-C658-40D1-994F-FAFF6FE8BF6B}"
EndProject
Project("{2150E333-8FDC-42A3-9474-1A3956D46DE8}") = "FAQ", "FAQ", "{BB379F31-8003-44B1-9A4C-4DBD2F605038}"
EndProject
Project("{2150E333-8FDC-42A3-9474-1A3956D46DE8}") = "Media", "Media", "{1E329FE4-C8A0-4109-B020-E4CEBBCE3C63}"
EndProject
Project("{FAE04EC0-301F-11D3-BF4B-00C04F79EFBC}") = "Wedia.Feature.Media", "src\Feature\Media\code\Wedia.Feature.Media.csproj", "{7C5F64D7-A0C1-4E9C-B0E9-5FFF2EBE33E2}"
EndProject
Project("{2150E333-8FDC-42A3-9474-1A3956D46DE8}") = "Identity", "Identity", "{D7B61F3C-617E-4E59-BA9A-6EB4D5B09645}"
EndProject
Project("{2150E333-8FDC-42A3-9474-1A3956D46DE8}") = "Multisite", "Multisite", "{B11FCDF0-B134-40E1-8A16-FE8504E03C24}"
EndProject
Project("{FAE04EC0-301F-11D3-BF4B-00C04F79EFBC}") = "Wedia.Foundation.Multisite", "src\Foundation\Multisite\code\Wedia.Foundation.Multisite.csproj", "{E3C007ED-E036-4ECF-8434-04499764A059}"
EndProject
Project("{FAE04EC0-301F-11D3-BF4B-00C04F79EFBC}") = "Wedia.Feature.Identity", "src\Feature\Identity\code\Wedia.Feature.Identity.csproj", "{83FEAF41-2C9D-4DAF-80F0-4B323839DCDD}"
EndProject
Project("{2150E333-8FDC-42A3-9474-1A3956D46DE8}") = "Alerts", "Alerts", "{7F92A4B1-7D0F-4E45-BB92-10E620C2B8A1}"
EndProject
Project("{FAE04EC0-301F-11D3-BF4B-00C04F79EFBC}") = "Wedia.Foundation.Alerts", "src\Foundation\Alerts\code\Wedia.Foundation.Alerts.csproj", "{85863230-7954-48F3-B895-35C3F4B4C2F3}"
EndProject
Project("{2150E333-8FDC-42A3-9474-1A3956D46DE8}") = "Theming", "Theming", "{C1725C65-D1C1-443E-8761-B05CAB3863D1}"
EndProject
Project("{FAE04EC0-301F-11D3-BF4B-00C04F79EFBC}") = "Wedia.Foundation.Theming", "src\Foundation\Theming\code\Wedia.Foundation.Theming.csproj", "{19D479AD-FF86-4EDA-A045-6D7F080814DC}"
EndProject
Project("{2150E333-8FDC-42A3-9474-1A3956D46DE8}") = "Assets", "Assets", "{A3FE4B79-4465-4301-9E8A-FB34ECF0CACB}"
EndProject
Project("{FAE04EC0-301F-11D3-BF4B-00C04F79EFBC}") = "Wedia.Foundation.Assets", "src\Foundation\Assets\code\Wedia.Foundation.Assets.csproj", "{7D53DC46-BD1E-46CF-A28A-C119026DE011}"
EndProject
Project("{2150E333-8FDC-42A3-9474-1A3956D46DE8}") = "Panels", "Panels", "{A8F595EF-012D-4E0D-A550-1BA782724941}"
EndProject
Project("{FAE04EC0-301F-11D3-BF4B-00C04F79EFBC}") = "Wedia.Feature.Panels", "src\Feature\Panels\code\Wedia.Feature.Panels.csproj", "{9B2C82B0-C1AF-4DFA-B7EB-66F0DADE356A}"
EndProject
Project("{2150E333-8FDC-42A3-9474-1A3956D46DE8}") = "News", "News", "{A187CBD7-535E-455F-8A79-E1EE9C9B430F}"
EndProject
Project("{FAE04EC0-301F-11D3-BF4B-00C04F79EFBC}") = "Wedia.Feature.FAQ", "src\Feature\FAQ\code\Wedia.Feature.FAQ.csproj", "{DF686C5B-16A1-4705-BAF0-82F07D6F7A79}"
EndProject
Project("{FAE04EC0-301F-11D3-BF4B-00C04F79EFBC}") = "Wedia.Feature.News", "src\Feature\News\code\Wedia.Feature.News.csproj", "{747FBF5E-7F65-42C9-877D-5682A068867F}"
EndProject
Project("{2150E333-8FDC-42A3-9474-1A3956D46DE8}") = "Forms", "Forms", "{6A3D5F2D-9500-4C3A-A38B-6888F5843481}"
EndProject
Project("{FAE04EC0-301F-11D3-BF4B-00C04F79EFBC}") = "Wedia.Feature.Forms", "src\Feature\Forms\code\Wedia.Feature.Forms.csproj", "{1538CCBB-B2BA-4A45-8BEE-98E6AB0E68AD}"
EndProject
Project("{2150E333-8FDC-42A3-9474-1A3956D46DE8}") = "Glossary", "Glossary", "{29BD2D71-3CBD-4254-967A-F6C50A6CEB09}"
EndProject
Project("{FAE04EC0-301F-11D3-BF4B-00C04F79EFBC}") = "Wedia.Feature.Glossary", "src\Feature\Glossary\code\Wedia.Feature.Glossary.csproj", "{7FB6FBAD-BCC4-48AF-A6F3-79BD7C092E55}"
EndProject
Project("{2150E333-8FDC-42A3-9474-1A3956D46DE8}") = "Search", "Search", "{2CB61550-70A2-4C26-843C-A31F31FA095E}"
EndProject
Project("{FAE04EC0-301F-11D3-BF4B-00C04F79EFBC}") = "Wedia.Feature.Search", "src\Feature\Search\code\Wedia.Feature.Search.csproj", "{A975041D-3A89-413D-8B9B-BF323E2CF2BE}"
EndProject
Project("{2150E333-8FDC-42A3-9474-1A3956D46DE8}") = "Multisite", "Multisite", "{67ED945A-E763-4759-98B3-EC288155913A}"
EndProject
Project("{FAE04EC0-301F-11D3-BF4B-00C04F79EFBC}") = "Wedia.Feature.Multisite", "src\Feature\Multisite\code\Wedia.Feature.Multisite.csproj", "{94DB6BE4-B72D-4A4A-A476-59EBC929B517}"
EndProject
Project("{2150E333-8FDC-42A3-9474-1A3956D46DE8}") = "Language", "Language", "{155072CD-30C0-4154-ABC9-0658BF212843}"
EndProject
Project("{FAE04EC0-301F-11D3-BF4B-00C04F79EFBC}") = "Wedia.Feature.Language", "src\Feature\Language\code\Wedia.Feature.Language.csproj", "{BD99E008-AD0B-47FA-962A-10AC073B0D46}"
EndProject
Project("{FAE04EC0-301F-11D3-BF4B-00C04F79EFBC}") = "Wedia.Feature.UIComponents", "src\Feature\UIComponents\code\Wedia.Feature.UIComponents.csproj", "{FA44FCE9-6118-46C4-83F1-8E1A02DEB4C2}"
EndProject
Project("{2150E333-8FDC-42A3-9474-1A3956D46DE8}") = "UIComponents", "UIComponents", "{839F290D-CE38-4EB1-A9DB-6E1DAE33FF53}"
EndProject
Project("{2150E333-8FDC-42A3-9474-1A3956D46DE8}") = "Blog", "Blog", "{C4278863-F63E-487A-AA29-8403D108F403}"
EndProject
Project("{FAE04EC0-301F-11D3-BF4B-00C04F79EFBC}") = "Wedia.Feature.Blog", "src\Feature\Blog\code\Wedia.Feature.Blog.csproj", "{4234ABAF-ED13-4128-9E42-B4A3B1A63E4A}"
EndProject
Project("{2150E333-8FDC-42A3-9474-1A3956D46DE8}") = "EurobankHealthTool", "EurobankHealthTool", "{491574B2-9131-41CA-9E06-9E2E372BCB37}"
EndProject
Project("{FAE04EC0-301F-11D3-BF4B-00C04F79EFBC}") = "Wedia.Feature.EurobankHealthTool", "src\Feature\EurobankHealthTool\code\Wedia.Feature.EurobankHealthTool\Wedia.Feature.EurobankHealthTool.csproj", "{EC24B839-3E1A-4168-A97E-0A070B784317}"
EndProject
Project("{2150E333-8FDC-42A3-9474-1A3956D46DE8}") = "EurolifeCalculatorTool", "EurolifeCalculatorTool", "{518B7231-F149-4322-B2D4-9DA0A77871D4}"
EndProject
Project("{FAE04EC0-301F-11D3-BF4B-00C04F79EFBC}") = "Wedia.Feature.EurolifeCalculatorTool", "src\Feature\EurolifeCalculatorTool\code\Wedia.Feature.EurolifeCalculatorTool\Wedia.Feature.EurolifeCalculatorTool.csproj", "{7F4BD081-87F2-40A2-8A73-B4E7C18DB5C6}"
EndProject
Global
	GlobalSection(SolutionConfigurationPlatforms) = preSolution
		Debug|Any CPU = Debug|Any CPU
		Release|Any CPU = Release|Any CPU
	EndGlobalSection
	GlobalSection(ProjectConfigurationPlatforms) = postSolution
		{64188ACE-CC0B-4546-A5B0-2422931E3E05}.Debug|Any CPU.ActiveCfg = Debug|Any CPU
		{64188ACE-CC0B-4546-A5B0-2422931E3E05}.Debug|Any CPU.Build.0 = Debug|Any CPU
		{64188ACE-CC0B-4546-A5B0-2422931E3E05}.Release|Any CPU.ActiveCfg = Release|Any CPU
		{64188ACE-CC0B-4546-A5B0-2422931E3E05}.Release|Any CPU.Build.0 = Release|Any CPU
		{D9AF84B9-37B6-41CD-B832-6C367D1A949A}.Debug|Any CPU.ActiveCfg = Debug|Any CPU
		{D9AF84B9-37B6-41CD-B832-6C367D1A949A}.Debug|Any CPU.Build.0 = Debug|Any CPU
		{D9AF84B9-37B6-41CD-B832-6C367D1A949A}.Release|Any CPU.ActiveCfg = Release|Any CPU
		{D9AF84B9-37B6-41CD-B832-6C367D1A949A}.Release|Any CPU.Build.0 = Release|Any CPU
		{9A04B78A-2E9C-4F84-8549-9B44697A8A16}.Debug|Any CPU.ActiveCfg = Debug|Any CPU
		{9A04B78A-2E9C-4F84-8549-9B44697A8A16}.Debug|Any CPU.Build.0 = Debug|Any CPU
		{9A04B78A-2E9C-4F84-8549-9B44697A8A16}.Release|Any CPU.ActiveCfg = Release|Any CPU
		{9A04B78A-2E9C-4F84-8549-9B44697A8A16}.Release|Any CPU.Build.0 = Release|Any CPU
		{1B2156E2-AD21-4034-9109-BA63C417FA98}.Debug|Any CPU.ActiveCfg = Debug|Any CPU
		{1B2156E2-AD21-4034-9109-BA63C417FA98}.Debug|Any CPU.Build.0 = Debug|Any CPU
		{1B2156E2-AD21-4034-9109-BA63C417FA98}.Release|Any CPU.ActiveCfg = Release|Any CPU
		{1B2156E2-AD21-4034-9109-BA63C417FA98}.Release|Any CPU.Build.0 = Release|Any CPU
		{64D25E2B-495B-409A-886A-063DC063D839}.Debug|Any CPU.ActiveCfg = Debug|Any CPU
		{64D25E2B-495B-409A-886A-063DC063D839}.Debug|Any CPU.Build.0 = Debug|Any CPU
		{64D25E2B-495B-409A-886A-063DC063D839}.Release|Any CPU.ActiveCfg = Release|Any CPU
		{64D25E2B-495B-409A-886A-063DC063D839}.Release|Any CPU.Build.0 = Release|Any CPU
		{FB4A1437-64FE-4DAF-8693-6D45F0E51890}.Debug|Any CPU.ActiveCfg = Debug|Any CPU
		{FB4A1437-64FE-4DAF-8693-6D45F0E51890}.Debug|Any CPU.Build.0 = Debug|Any CPU
		{FB4A1437-64FE-4DAF-8693-6D45F0E51890}.Release|Any CPU.ActiveCfg = Release|Any CPU
		{FB4A1437-64FE-4DAF-8693-6D45F0E51890}.Release|Any CPU.Build.0 = Release|Any CPU
		{08C1BFA2-583C-4102-A545-8C0E97BAE265}.Debug|Any CPU.ActiveCfg = Debug|Any CPU
		{08C1BFA2-583C-4102-A545-8C0E97BAE265}.Debug|Any CPU.Build.0 = Debug|Any CPU
		{08C1BFA2-583C-4102-A545-8C0E97BAE265}.Release|Any CPU.ActiveCfg = Release|Any CPU
		{08C1BFA2-583C-4102-A545-8C0E97BAE265}.Release|Any CPU.Build.0 = Release|Any CPU
		{E5DA506C-A085-4F0A-9201-F83C763D06CB}.Debug|Any CPU.ActiveCfg = Debug|Any CPU
		{E5DA506C-A085-4F0A-9201-F83C763D06CB}.Debug|Any CPU.Build.0 = Debug|Any CPU
		{E5DA506C-A085-4F0A-9201-F83C763D06CB}.Release|Any CPU.ActiveCfg = Release|Any CPU
		{E5DA506C-A085-4F0A-9201-F83C763D06CB}.Release|Any CPU.Build.0 = Release|Any CPU
		{71DE993F-50E5-4300-A003-F07F877830CD}.Debug|Any CPU.ActiveCfg = Debug|Any CPU
		{71DE993F-50E5-4300-A003-F07F877830CD}.Debug|Any CPU.Build.0 = Debug|Any CPU
		{71DE993F-50E5-4300-A003-F07F877830CD}.Release|Any CPU.ActiveCfg = Release|Any CPU
		{71DE993F-50E5-4300-A003-F07F877830CD}.Release|Any CPU.Build.0 = Release|Any CPU
		{DAFBC422-E779-4E8A-8522-2C3C8081D7D1}.Debug|Any CPU.ActiveCfg = Debug|Any CPU
		{DAFBC422-E779-4E8A-8522-2C3C8081D7D1}.Debug|Any CPU.Build.0 = Debug|Any CPU
		{DAFBC422-E779-4E8A-8522-2C3C8081D7D1}.Release|Any CPU.ActiveCfg = Release|Any CPU
		{DAFBC422-E779-4E8A-8522-2C3C8081D7D1}.Release|Any CPU.Build.0 = Release|Any CPU
		{AC7CFC4C-25CE-46D5-94AB-B2698BD39F7B}.Debug|Any CPU.ActiveCfg = Debug|Any CPU
		{AC7CFC4C-25CE-46D5-94AB-B2698BD39F7B}.Debug|Any CPU.Build.0 = Debug|Any CPU
		{AC7CFC4C-25CE-46D5-94AB-B2698BD39F7B}.Release|Any CPU.ActiveCfg = Release|Any CPU
		{AC7CFC4C-25CE-46D5-94AB-B2698BD39F7B}.Release|Any CPU.Build.0 = Release|Any CPU
		{C8B44DD5-A34F-4F10-A6DC-F36DFAA27CE7}.Debug|Any CPU.ActiveCfg = Debug|Any CPU
		{C8B44DD5-A34F-4F10-A6DC-F36DFAA27CE7}.Debug|Any CPU.Build.0 = Debug|Any CPU
		{C8B44DD5-A34F-4F10-A6DC-F36DFAA27CE7}.Release|Any CPU.ActiveCfg = Release|Any CPU
		{C8B44DD5-A34F-4F10-A6DC-F36DFAA27CE7}.Release|Any CPU.Build.0 = Release|Any CPU
		{4B941E17-883C-4C5A-81F9-0886F91BC1DC}.Debug|Any CPU.ActiveCfg = Debug|Any CPU
		{4B941E17-883C-4C5A-81F9-0886F91BC1DC}.Debug|Any CPU.Build.0 = Debug|Any CPU
		{4B941E17-883C-4C5A-81F9-0886F91BC1DC}.Release|Any CPU.ActiveCfg = Release|Any CPU
		{4B941E17-883C-4C5A-81F9-0886F91BC1DC}.Release|Any CPU.Build.0 = Release|Any CPU
		{59DE14AE-624A-47B7-BD7A-FC50593BF95D}.Debug|Any CPU.ActiveCfg = Debug|Any CPU
		{59DE14AE-624A-47B7-BD7A-FC50593BF95D}.Debug|Any CPU.Build.0 = Debug|Any CPU
		{59DE14AE-624A-47B7-BD7A-FC50593BF95D}.Release|Any CPU.ActiveCfg = Release|Any CPU
		{59DE14AE-624A-47B7-BD7A-FC50593BF95D}.Release|Any CPU.Build.0 = Release|Any CPU
		{60406B55-9D42-4A1A-9942-953F1CFD8468}.Debug|Any CPU.ActiveCfg = Debug|Any CPU
		{60406B55-9D42-4A1A-9942-953F1CFD8468}.Debug|Any CPU.Build.0 = Debug|Any CPU
		{60406B55-9D42-4A1A-9942-953F1CFD8468}.Release|Any CPU.ActiveCfg = Release|Any CPU
		{60406B55-9D42-4A1A-9942-953F1CFD8468}.Release|Any CPU.Build.0 = Release|Any CPU
		{219369DB-B27B-4235-87BE-6C7407737B36}.Debug|Any CPU.ActiveCfg = Debug|Any CPU
		{219369DB-B27B-4235-87BE-6C7407737B36}.Debug|Any CPU.Build.0 = Debug|Any CPU
		{219369DB-B27B-4235-87BE-6C7407737B36}.Release|Any CPU.ActiveCfg = Release|Any CPU
		{219369DB-B27B-4235-87BE-6C7407737B36}.Release|Any CPU.Build.0 = Release|Any CPU
		{1BFFBDFA-3B08-4301-8A5E-AA01AFE59FA0}.Debug|Any CPU.ActiveCfg = Debug|Any CPU
		{1BFFBDFA-3B08-4301-8A5E-AA01AFE59FA0}.Debug|Any CPU.Build.0 = Debug|Any CPU
		{1BFFBDFA-3B08-4301-8A5E-AA01AFE59FA0}.Release|Any CPU.ActiveCfg = Release|Any CPU
		{1BFFBDFA-3B08-4301-8A5E-AA01AFE59FA0}.Release|Any CPU.Build.0 = Release|Any CPU
		{39F73ED5-C658-40D1-994F-FAFF6FE8BF6B}.Debug|Any CPU.ActiveCfg = Debug|Any CPU
		{39F73ED5-C658-40D1-994F-FAFF6FE8BF6B}.Debug|Any CPU.Build.0 = Debug|Any CPU
		{39F73ED5-C658-40D1-994F-FAFF6FE8BF6B}.Release|Any CPU.ActiveCfg = Release|Any CPU
		{39F73ED5-C658-40D1-994F-FAFF6FE8BF6B}.Release|Any CPU.Build.0 = Release|Any CPU
		{7C5F64D7-A0C1-4E9C-B0E9-5FFF2EBE33E2}.Debug|Any CPU.ActiveCfg = Debug|Any CPU
		{7C5F64D7-A0C1-4E9C-B0E9-5FFF2EBE33E2}.Debug|Any CPU.Build.0 = Debug|Any CPU
		{7C5F64D7-A0C1-4E9C-B0E9-5FFF2EBE33E2}.Release|Any CPU.ActiveCfg = Release|Any CPU
		{7C5F64D7-A0C1-4E9C-B0E9-5FFF2EBE33E2}.Release|Any CPU.Build.0 = Release|Any CPU
		{E3C007ED-E036-4ECF-8434-04499764A059}.Debug|Any CPU.ActiveCfg = Debug|Any CPU
		{E3C007ED-E036-4ECF-8434-04499764A059}.Debug|Any CPU.Build.0 = Debug|Any CPU
		{E3C007ED-E036-4ECF-8434-04499764A059}.Release|Any CPU.ActiveCfg = Release|Any CPU
		{E3C007ED-E036-4ECF-8434-04499764A059}.Release|Any CPU.Build.0 = Release|Any CPU
		{83FEAF41-2C9D-4DAF-80F0-4B323839DCDD}.Debug|Any CPU.ActiveCfg = Debug|Any CPU
		{83FEAF41-2C9D-4DAF-80F0-4B323839DCDD}.Debug|Any CPU.Build.0 = Debug|Any CPU
		{83FEAF41-2C9D-4DAF-80F0-4B323839DCDD}.Release|Any CPU.ActiveCfg = Release|Any CPU
		{83FEAF41-2C9D-4DAF-80F0-4B323839DCDD}.Release|Any CPU.Build.0 = Release|Any CPU
		{85863230-7954-48F3-B895-35C3F4B4C2F3}.Debug|Any CPU.ActiveCfg = Debug|Any CPU
		{85863230-7954-48F3-B895-35C3F4B4C2F3}.Debug|Any CPU.Build.0 = Debug|Any CPU
		{85863230-7954-48F3-B895-35C3F4B4C2F3}.Release|Any CPU.ActiveCfg = Release|Any CPU
		{85863230-7954-48F3-B895-35C3F4B4C2F3}.Release|Any CPU.Build.0 = Release|Any CPU
		{19D479AD-FF86-4EDA-A045-6D7F080814DC}.Debug|Any CPU.ActiveCfg = Debug|Any CPU
		{19D479AD-FF86-4EDA-A045-6D7F080814DC}.Debug|Any CPU.Build.0 = Debug|Any CPU
		{19D479AD-FF86-4EDA-A045-6D7F080814DC}.Release|Any CPU.ActiveCfg = Release|Any CPU
		{19D479AD-FF86-4EDA-A045-6D7F080814DC}.Release|Any CPU.Build.0 = Release|Any CPU
		{7D53DC46-BD1E-46CF-A28A-C119026DE011}.Debug|Any CPU.ActiveCfg = Debug|Any CPU
		{7D53DC46-BD1E-46CF-A28A-C119026DE011}.Debug|Any CPU.Build.0 = Debug|Any CPU
		{7D53DC46-BD1E-46CF-A28A-C119026DE011}.Release|Any CPU.ActiveCfg = Release|Any CPU
		{7D53DC46-BD1E-46CF-A28A-C119026DE011}.Release|Any CPU.Build.0 = Release|Any CPU
		{9B2C82B0-C1AF-4DFA-B7EB-66F0DADE356A}.Debug|Any CPU.ActiveCfg = Debug|Any CPU
		{9B2C82B0-C1AF-4DFA-B7EB-66F0DADE356A}.Debug|Any CPU.Build.0 = Debug|Any CPU
		{9B2C82B0-C1AF-4DFA-B7EB-66F0DADE356A}.Release|Any CPU.ActiveCfg = Release|Any CPU
		{9B2C82B0-C1AF-4DFA-B7EB-66F0DADE356A}.Release|Any CPU.Build.0 = Release|Any CPU
		{DF686C5B-16A1-4705-BAF0-82F07D6F7A79}.Debug|Any CPU.ActiveCfg = Debug|Any CPU
		{DF686C5B-16A1-4705-BAF0-82F07D6F7A79}.Debug|Any CPU.Build.0 = Debug|Any CPU
		{DF686C5B-16A1-4705-BAF0-82F07D6F7A79}.Release|Any CPU.ActiveCfg = Release|Any CPU
		{DF686C5B-16A1-4705-BAF0-82F07D6F7A79}.Release|Any CPU.Build.0 = Release|Any CPU
		{747FBF5E-7F65-42C9-877D-5682A068867F}.Debug|Any CPU.ActiveCfg = Debug|Any CPU
		{747FBF5E-7F65-42C9-877D-5682A068867F}.Debug|Any CPU.Build.0 = Debug|Any CPU
		{747FBF5E-7F65-42C9-877D-5682A068867F}.Release|Any CPU.ActiveCfg = Release|Any CPU
		{747FBF5E-7F65-42C9-877D-5682A068867F}.Release|Any CPU.Build.0 = Release|Any CPU
		{1538CCBB-B2BA-4A45-8BEE-98E6AB0E68AD}.Debug|Any CPU.ActiveCfg = Debug|Any CPU
		{1538CCBB-B2BA-4A45-8BEE-98E6AB0E68AD}.Debug|Any CPU.Build.0 = Debug|Any CPU
		{1538CCBB-B2BA-4A45-8BEE-98E6AB0E68AD}.Release|Any CPU.ActiveCfg = Release|Any CPU
		{1538CCBB-B2BA-4A45-8BEE-98E6AB0E68AD}.Release|Any CPU.Build.0 = Release|Any CPU
		{7FB6FBAD-BCC4-48AF-A6F3-79BD7C092E55}.Debug|Any CPU.ActiveCfg = Debug|Any CPU
		{7FB6FBAD-BCC4-48AF-A6F3-79BD7C092E55}.Debug|Any CPU.Build.0 = Debug|Any CPU
		{7FB6FBAD-BCC4-48AF-A6F3-79BD7C092E55}.Release|Any CPU.ActiveCfg = Release|Any CPU
		{7FB6FBAD-BCC4-48AF-A6F3-79BD7C092E55}.Release|Any CPU.Build.0 = Release|Any CPU
		{A975041D-3A89-413D-8B9B-BF323E2CF2BE}.Debug|Any CPU.ActiveCfg = Debug|Any CPU
		{A975041D-3A89-413D-8B9B-BF323E2CF2BE}.Debug|Any CPU.Build.0 = Debug|Any CPU
		{A975041D-3A89-413D-8B9B-BF323E2CF2BE}.Release|Any CPU.ActiveCfg = Release|Any CPU
		{A975041D-3A89-413D-8B9B-BF323E2CF2BE}.Release|Any CPU.Build.0 = Release|Any CPU
		{94DB6BE4-B72D-4A4A-A476-59EBC929B517}.Debug|Any CPU.ActiveCfg = Debug|Any CPU
		{94DB6BE4-B72D-4A4A-A476-59EBC929B517}.Debug|Any CPU.Build.0 = Debug|Any CPU
		{94DB6BE4-B72D-4A4A-A476-59EBC929B517}.Release|Any CPU.ActiveCfg = Release|Any CPU
		{94DB6BE4-B72D-4A4A-A476-59EBC929B517}.Release|Any CPU.Build.0 = Release|Any CPU
		{BD99E008-AD0B-47FA-962A-10AC073B0D46}.Debug|Any CPU.ActiveCfg = Debug|Any CPU
		{BD99E008-AD0B-47FA-962A-10AC073B0D46}.Debug|Any CPU.Build.0 = Debug|Any CPU
		{BD99E008-AD0B-47FA-962A-10AC073B0D46}.Release|Any CPU.ActiveCfg = Release|Any CPU
		{BD99E008-AD0B-47FA-962A-10AC073B0D46}.Release|Any CPU.Build.0 = Release|Any CPU
		{FA44FCE9-6118-46C4-83F1-8E1A02DEB4C2}.Debug|Any CPU.ActiveCfg = Debug|Any CPU
		{FA44FCE9-6118-46C4-83F1-8E1A02DEB4C2}.Debug|Any CPU.Build.0 = Debug|Any CPU
		{FA44FCE9-6118-46C4-83F1-8E1A02DEB4C2}.Release|Any CPU.ActiveCfg = Release|Any CPU
		{FA44FCE9-6118-46C4-83F1-8E1A02DEB4C2}.Release|Any CPU.Build.0 = Release|Any CPU
		{4234ABAF-ED13-4128-9E42-B4A3B1A63E4A}.Debug|Any CPU.ActiveCfg = Debug|Any CPU
		{4234ABAF-ED13-4128-9E42-B4A3B1A63E4A}.Debug|Any CPU.Build.0 = Debug|Any CPU
		{4234ABAF-ED13-4128-9E42-B4A3B1A63E4A}.Release|Any CPU.ActiveCfg = Release|Any CPU
		{4234ABAF-ED13-4128-9E42-B4A3B1A63E4A}.Release|Any CPU.Build.0 = Release|Any CPU
		{EC24B839-3E1A-4168-A97E-0A070B784317}.Debug|Any CPU.ActiveCfg = Debug|Any CPU
		{EC24B839-3E1A-4168-A97E-0A070B784317}.Debug|Any CPU.Build.0 = Debug|Any CPU
		{EC24B839-3E1A-4168-A97E-0A070B784317}.Release|Any CPU.ActiveCfg = Release|Any CPU
		{EC24B839-3E1A-4168-A97E-0A070B784317}.Release|Any CPU.Build.0 = Release|Any CPU
		{7F4BD081-87F2-40A2-8A73-B4E7C18DB5C6}.Debug|Any CPU.ActiveCfg = Debug|Any CPU
		{7F4BD081-87F2-40A2-8A73-B4E7C18DB5C6}.Debug|Any CPU.Build.0 = Debug|Any CPU
		{7F4BD081-87F2-40A2-8A73-B4E7C18DB5C6}.Release|Any CPU.ActiveCfg = Release|Any CPU
		{7F4BD081-87F2-40A2-8A73-B4E7C18DB5C6}.Release|Any CPU.Build.0 = Release|Any CPU
	EndGlobalSection
	GlobalSection(SolutionProperties) = preSolution
		HideSolutionNode = FALSE
	EndGlobalSection
	GlobalSection(NestedProjects) = preSolution
		{88C2E3C4-7488-4E86-AF4B-E40C82A67BC7} = {13EFB230-3319-4049-9292-332575790905}
		{79AA2A0A-9037-4FB5-A88B-84251CABAC6A} = {13EFB230-3319-4049-9292-332575790905}
		{8755EA71-79DF-464F-A9C4-513A09A86DE9} = {501B0EBE-BFD6-47D3-AEA4-26E3E9421A2F}
		{64188ACE-CC0B-4546-A5B0-2422931E3E05} = {8755EA71-79DF-464F-A9C4-513A09A86DE9}
		{DF33CD57-2C39-4FF7-8650-887237DD4577} = {501B0EBE-BFD6-47D3-AEA4-26E3E9421A2F}
		{D9AF84B9-37B6-41CD-B832-6C367D1A949A} = {DF33CD57-2C39-4FF7-8650-887237DD4577}
		{9A04B78A-2E9C-4F84-8549-9B44697A8A16} = {88C2E3C4-7488-4E86-AF4B-E40C82A67BC7}
		{1B2156E2-AD21-4034-9109-BA63C417FA98} = {79AA2A0A-9037-4FB5-A88B-84251CABAC6A}
		{7710B159-78D6-49D9-B693-322FC2FE97E6} = {86BFDC11-94DF-4B61-B8E7-A53B22C415BD}
		{64D25E2B-495B-409A-886A-063DC063D839} = {7710B159-78D6-49D9-B693-322FC2FE97E6}
		{BE0E1E94-B3C2-4D05-84F5-63CD9B1BDDDF} = {86BFDC11-94DF-4B61-B8E7-A53B22C415BD}
		{FB4A1437-64FE-4DAF-8693-6D45F0E51890} = {BE0E1E94-B3C2-4D05-84F5-63CD9B1BDDDF}
		{248E0790-4E03-4124-A44D-F993D5937BC0} = {501B0EBE-BFD6-47D3-AEA4-26E3E9421A2F}
		{08C1BFA2-583C-4102-A545-8C0E97BAE265} = {248E0790-4E03-4124-A44D-F993D5937BC0}
		{C51AF286-117A-42A3-8179-A9771B5D385D} = {86BFDC11-94DF-4B61-B8E7-A53B22C415BD}
		{E5DA506C-A085-4F0A-9201-F83C763D06CB} = {C51AF286-117A-42A3-8179-A9771B5D385D}
		{71DE993F-50E5-4300-A003-F07F877830CD} = {8CB11047-2FA2-497A-88B2-94FFDF2A320C}
		{8CB11047-2FA2-497A-88B2-94FFDF2A320C} = {501B0EBE-BFD6-47D3-AEA4-26E3E9421A2F}
		{DAFBC422-E779-4E8A-8522-2C3C8081D7D1} = {8CB11047-2FA2-497A-88B2-94FFDF2A320C}
		{441D03D1-40DB-4F94-89D5-83A114905234} = {501B0EBE-BFD6-47D3-AEA4-26E3E9421A2F}
		{AC7CFC4C-25CE-46D5-94AB-B2698BD39F7B} = {441D03D1-40DB-4F94-89D5-83A114905234}
		{FBBB8E73-FCFE-481B-B260-2236470E8512} = {86BFDC11-94DF-4B61-B8E7-A53B22C415BD}
		{C8B44DD5-A34F-4F10-A6DC-F36DFAA27CE7} = {FBBB8E73-FCFE-481B-B260-2236470E8512}
		{16F3B321-D6BB-422B-9FF0-79FA93E3052D} = {86BFDC11-94DF-4B61-B8E7-A53B22C415BD}
		{4B941E17-883C-4C5A-81F9-0886F91BC1DC} = {16F3B321-D6BB-422B-9FF0-79FA93E3052D}
		{A290EA67-8658-446A-8B32-F7870D50208F} = {86BFDC11-94DF-4B61-B8E7-A53B22C415BD}
		{59DE14AE-624A-47B7-BD7A-FC50593BF95D} = {A290EA67-8658-446A-8B32-F7870D50208F}
		{E767CA1E-FE2E-4283-920E-004453BC9FBE} = {501B0EBE-BFD6-47D3-AEA4-26E3E9421A2F}
		{60406B55-9D42-4A1A-9942-953F1CFD8468} = {E767CA1E-FE2E-4283-920E-004453BC9FBE}
		{94640FAA-4334-4CC8-82C8-D94788C23127} = {86BFDC11-94DF-4B61-B8E7-A53B22C415BD}
		{219369DB-B27B-4235-87BE-6C7407737B36} = {94640FAA-4334-4CC8-82C8-D94788C23127}
		{CCC81897-58BB-4F86-96BC-62FA41FACE6B} = {86BFDC11-94DF-4B61-B8E7-A53B22C415BD}
		{1BFFBDFA-3B08-4301-8A5E-AA01AFE59FA0} = {CCC81897-58BB-4F86-96BC-62FA41FACE6B}
		{F37B7141-EF9A-473D-8418-1696A1FC084D} = {501B0EBE-BFD6-47D3-AEA4-26E3E9421A2F}
		{39F73ED5-C658-40D1-994F-FAFF6FE8BF6B} = {F37B7141-EF9A-473D-8418-1696A1FC084D}
		{BB379F31-8003-44B1-9A4C-4DBD2F605038} = {86BFDC11-94DF-4B61-B8E7-A53B22C415BD}
		{1E329FE4-C8A0-4109-B020-E4CEBBCE3C63} = {86BFDC11-94DF-4B61-B8E7-A53B22C415BD}
		{7C5F64D7-A0C1-4E9C-B0E9-5FFF2EBE33E2} = {1E329FE4-C8A0-4109-B020-E4CEBBCE3C63}
		{D7B61F3C-617E-4E59-BA9A-6EB4D5B09645} = {86BFDC11-94DF-4B61-B8E7-A53B22C415BD}
		{B11FCDF0-B134-40E1-8A16-FE8504E03C24} = {501B0EBE-BFD6-47D3-AEA4-26E3E9421A2F}
		{E3C007ED-E036-4ECF-8434-04499764A059} = {B11FCDF0-B134-40E1-8A16-FE8504E03C24}
		{83FEAF41-2C9D-4DAF-80F0-4B323839DCDD} = {D7B61F3C-617E-4E59-BA9A-6EB4D5B09645}
		{7F92A4B1-7D0F-4E45-BB92-10E620C2B8A1} = {501B0EBE-BFD6-47D3-AEA4-26E3E9421A2F}
		{85863230-7954-48F3-B895-35C3F4B4C2F3} = {7F92A4B1-7D0F-4E45-BB92-10E620C2B8A1}
		{C1725C65-D1C1-443E-8761-B05CAB3863D1} = {501B0EBE-BFD6-47D3-AEA4-26E3E9421A2F}
		{19D479AD-FF86-4EDA-A045-6D7F080814DC} = {C1725C65-D1C1-443E-8761-B05CAB3863D1}
		{A3FE4B79-4465-4301-9E8A-FB34ECF0CACB} = {501B0EBE-BFD6-47D3-AEA4-26E3E9421A2F}
		{7D53DC46-BD1E-46CF-A28A-C119026DE011} = {A3FE4B79-4465-4301-9E8A-FB34ECF0CACB}
		{A8F595EF-012D-4E0D-A550-1BA782724941} = {86BFDC11-94DF-4B61-B8E7-A53B22C415BD}
		{9B2C82B0-C1AF-4DFA-B7EB-66F0DADE356A} = {A8F595EF-012D-4E0D-A550-1BA782724941}
		{A187CBD7-535E-455F-8A79-E1EE9C9B430F} = {86BFDC11-94DF-4B61-B8E7-A53B22C415BD}
		{DF686C5B-16A1-4705-BAF0-82F07D6F7A79} = {BB379F31-8003-44B1-9A4C-4DBD2F605038}
		{747FBF5E-7F65-42C9-877D-5682A068867F} = {A187CBD7-535E-455F-8A79-E1EE9C9B430F}
		{6A3D5F2D-9500-4C3A-A38B-6888F5843481} = {86BFDC11-94DF-4B61-B8E7-A53B22C415BD}
		{1538CCBB-B2BA-4A45-8BEE-98E6AB0E68AD} = {6A3D5F2D-9500-4C3A-A38B-6888F5843481}
		{29BD2D71-3CBD-4254-967A-F6C50A6CEB09} = {86BFDC11-94DF-4B61-B8E7-A53B22C415BD}
		{7FB6FBAD-BCC4-48AF-A6F3-79BD7C092E55} = {29BD2D71-3CBD-4254-967A-F6C50A6CEB09}
		{2CB61550-70A2-4C26-843C-A31F31FA095E} = {86BFDC11-94DF-4B61-B8E7-A53B22C415BD}
		{A975041D-3A89-413D-8B9B-BF323E2CF2BE} = {2CB61550-70A2-4C26-843C-A31F31FA095E}
		{67ED945A-E763-4759-98B3-EC288155913A} = {86BFDC11-94DF-4B61-B8E7-A53B22C415BD}
		{94DB6BE4-B72D-4A4A-A476-59EBC929B517} = {67ED945A-E763-4759-98B3-EC288155913A}
		{155072CD-30C0-4154-ABC9-0658BF212843} = {86BFDC11-94DF-4B61-B8E7-A53B22C415BD}
		{BD99E008-AD0B-47FA-962A-10AC073B0D46} = {155072CD-30C0-4154-ABC9-0658BF212843}
		{FA44FCE9-6118-46C4-83F1-8E1A02DEB4C2} = {839F290D-CE38-4EB1-A9DB-6E1DAE33FF53}
		{839F290D-CE38-4EB1-A9DB-6E1DAE33FF53} = {86BFDC11-94DF-4B61-B8E7-A53B22C415BD}
		{C4278863-F63E-487A-AA29-8403D108F403} = {86BFDC11-94DF-4B61-B8E7-A53B22C415BD}
		{4234ABAF-ED13-4128-9E42-B4A3B1A63E4A} = {C4278863-F63E-487A-AA29-8403D108F403}
		{491574B2-9131-41CA-9E06-9E2E372BCB37} = {86BFDC11-94DF-4B61-B8E7-A53B22C415BD}
		{EC24B839-3E1A-4168-A97E-0A070B784317} = {491574B2-9131-41CA-9E06-9E2E372BCB37}
		{518B7231-F149-4322-B2D4-9DA0A77871D4} = {86BFDC11-94DF-4B61-B8E7-A53B22C415BD}
		{7F4BD081-87F2-40A2-8A73-B4E7C18DB5C6} = {518B7231-F149-4322-B2D4-9DA0A77871D4}
	EndGlobalSection
	GlobalSection(ExtensibilityGlobals) = postSolution
		EnterpriseLibraryConfigurationToolBinariesPathV6 = packages\EnterpriseLibrary.Common.6.0.1304.0\lib\NET45;packages\EnterpriseLibrary.TransientFaultHandling.6.0.1304.0\lib\portable-net45+win+wp8;packages\EnterpriseLibrary.TransientFaultHandling.Caching.6.0.1304.0\lib\NET45;packages\EnterpriseLibrary.TransientFaultHandling.Data.6.0.1304.1\lib\NET45;packages\EnterpriseLibrary.TransientFaultHandling.ServiceBus.6.0.1304.0\lib\NET45;packages\EnterpriseLibrary.TransientFaultHandling.WindowsAzure.Storage.6.0.1304.0\lib\NET45;packages\EnterpriseLibrary.TransientFaultHandling.Configuration.6.0.1304.0\lib\NET45
		SolutionGuid = {EA9EC89E-591F-450E-9CBA-F4CA561165C2}
	EndGlobalSection
EndGlobal
