---
ID: "cc1e6edc-cd02-4668-b2f5-76744de18f97"
Parent: "c0d97087-2911-46f5-8580-589ccf84850e"
Template: "f1828a2c-7e5d-4bbd-98ca-320474871548"
Path: /sitecore/media library/Feature/Highlight/products/clock
DB: master
SharedFields:
- ID: "06d5295c-ed2f-4a54-9bf2-26228d113318"
  Hint: __Icon
  Value: "-/media/CC1E6EDCCD024668B2F576744DE18F97.ashx?h=16&thn=1&w=16"
- ID: "40e50ed9-ba07-4702-992e-a912738d32dc"
  Hint: Blob
  BlobID: "03b11ff5-16b6-4f2a-b716-c06ed2eabbf9"
  Value: PD94bWwgdmVyc2lvbj0iMS4wIiBlbmNvZGluZz0iVVRGLTgiPz4KPHN2ZyB3aWR0aD0iNzJweCIgaGVpZ2h0PSI1NXB4IiB2aWV3Qm94PSIwIDAgNzIgNTUiIHZlcnNpb249IjEuMSIgeG1sbnM9Imh0dHA6Ly93d3cudzMub3JnLzIwMDAvc3ZnIiB4bWxuczp4bGluaz0iaHR0cDovL3d3dy53My5vcmcvMTk5OS94bGluayI+CiAgICA8IS0tIEdlbmVyYXRvcjogU2tldGNoIDU5ICg4NjEyNykgLSBodHRwczovL3NrZXRjaC5jb20gLS0+CiAgICA8dGl0bGU+Y2xvY2s8L3RpdGxlPgogICAgPGRlc2M+Q3JlYXRlZCB3aXRoIFNrZXRjaC48L2Rlc2M+CiAgICA8ZyBpZD0izqQyLS0tUFJELU1vdG9yIiBzdHJva2U9Im5vbmUiIHN0cm9rZS13aWR0aD0iMSIgZmlsbD0ibm9uZSIgZmlsbC1ydWxlPSJldmVub2RkIj4KICAgICAgICA8ZyBpZD0iVDItMS1QUkQtTW90b3IiIHRyYW5zZm9ybT0idHJhbnNsYXRlKC0xNzAuMDAwMDAwLCAtMTI4MC4wMDAwMDApIj4KICAgICAgICAgICAgPGcgaWQ9ImNsb2NrIiB0cmFuc2Zvcm09InRyYW5zbGF0ZSgxNzAuMDAwMDAwLCAxMjgwLjAwMDAwMCkiPgogICAgICAgICAgICAgICAgPHBhdGggZD0iTTcyLDI2IEM3MiwxMS42Mzk3NDc5IDYwLjEzNjQxMDgsMCA0NS41LDAgQzMwLjg2MzU4OTIsMCAxOSwxMS42Mzk3NDc5IDE5LDI2IEMxOSw0MC4zNjAyNTIxIDMwLjg2MzU4OTIsNTIgNDUuNSw1MiBDNjAuMTM2NDEwOCw1MiA3Miw0MC4zNjAyNTIxIDcyLDI2IFogTTY4LjA3NDA3NDEsMjYgQzY4LjA3NDA3NDEsMzguMjMyOTMzMSA1Ny45NjgxODE4LDQ4LjE0ODE0ODEgNDUuNSw0OC4xNDgxNDgxIEMzMy4wMzE4MTgyLDQ4LjE0ODE0ODEgMjIuOTI1OTI1OSwzOC4yMzI5MzMxIDIyLjkyNTkyNTksMjYgQzIyLjkyNTkyNTksMTMuNzY3MDY2OSAzMy4wMzE4MTgyLDMuODUxODUxODUgNDUuNSwzLjg1MTg1MTg1IEM1Ny45NjgxODE4LDMuODUxODUxODUgNjguMDc0MDc0MSwxMy43NjcwNjY5IDY4LjA3NDA3NDEsMjYgWiIgaWQ9IlBhdGgiIGZpbGw9IiM0Nzk0NjMiIGZpbGwtcnVsZT0ibm9uemVybyI+PC9wYXRoPgogICAgICAgICAgICAgICAgPHBhdGggZD0iTTQ1LjkyLDI4IEw0NS45MiwyNCBMNTQuMDgsMjQgTDU0LjA4LDI4IEw0NS45MiwyOCBaIE00NS45MiwyNCBMNTQuMDgsMjQgQzU2LjY0LDI0IDU2LjY0LDI4IDU0LjA4LDI4IEw0NS45MiwyOCBDNDMuMzYsMjggNDMuMzYsMjQgNDUuOTIsMjQgWiIgaWQ9IlBhdGgiIGZpbGw9IiM0Nzk0NjMiIGZpbGwtcnVsZT0ibm9uemVybyI+PC9wYXRoPgogICAgICAgICAgICAgICAgPHBhdGggZD0iTTQ4LDI2LjA2MDYwNjEgTDQ0LDI2LjA2MDYwNjEgTDQ0LDEzLjkzOTM5MzkgTDQ4LDEzLjkzOTM5MzkgTDQ4LDI2LjA2MDYwNjEgWiBNNDQsMjYuMDYwNjA2MSBMNDQsMTMuOTM5MzkzOSBDNDQsMTEuMzUzNTM1NCA0OCwxMS4zNTM1MzU0IDQ4LDEzLjkzOTM5MzkgTDQ4LDI2LjA2MDYwNjEgQzQ4LDI4LjY0NjQ2NDYgNDQsMjguNjQ2NDY0NiA0NCwyNi4wNjA2MDYxIFoiIGlkPSJQYXRoIiBmaWxsPSIjNDc5NDYzIiBmaWxsLXJ1bGU9Im5vbnplcm8iPjwvcGF0aD4KICAgICAgICAgICAgICAgIDxwYXRoIGQ9Ik02Ni43NSwyOCBMNjYuNzUsMjQgTDcwLjI1LDI0IEw3MC4yNSwyOCBMNjYuNzUsMjggWiBNNjYuNzUsMjQgTDcwLjI1LDI0IEM3Mi41ODMzMzMzLDI0IDcyLjU4MzMzMzMsMjggNzAuMjUsMjggTDY2Ljc1LDI4IEM2NC40MTY2NjY3LDI4IDY0LjQxNjY2NjcsMjQgNjYuNzUsMjQgWiIgaWQ9IlBhdGgiIGZpbGw9IiM0Nzk0NjMiIGZpbGwtcnVsZT0ibm9uemVybyI+PC9wYXRoPgogICAgICAgICAgICAgICAgPHBhdGggZD0iTTYxLjAwMDE4NTcsMTMuNDU5Mjc1MyBMNTguNTQwNzI0NywxMC45OTk4MTQzIEw2MC45OTk4MTQzLDguNTQwNzI0NjUgTDYzLjQ1OTI3NTMsMTEuMDAwMTg1NyBMNjEuMDAwMTg1NywxMy40NTkyNzUzIFogTTU4LjU0MDcyNDcsMTAuOTk5ODE0MyBMNjAuOTk5ODE0Myw4LjU0MDcyNDY1IEM2Mi42Mzk0NTUsNi45MDEwODM5NSA2NS4wOTg5MTYsOS4zNjA1NDUgNjMuNDU5Mjc1MywxMS4wMDAxODU3IEw2MS4wMDAxODU3LDEzLjQ1OTI3NTMgQzU5LjM2MDU0NSwxNS4wOTg5MTYgNTYuOTAxMDg0LDEyLjYzOTQ1NSA1OC41NDA3MjQ3LDEwLjk5OTgxNDMgWiIgaWQ9IlBhdGgiIGZpbGw9IiM0Nzk0NjMiIGZpbGwtcnVsZT0ibm9uemVybyI+PC9wYXRoPgogICAgICAgICAgICAgICAgPHBhdGggZD0iTTQ4LDUuMjUgTDQ0LDUuMjUgTDQ0LDEuNzUgTDQ4LDEuNzUgTDQ4LDUuMjUgWiBNNDQsNS4yNSBMNDQsMS43NSBDNDQsLTAuNTgzMzMzMzMzIDQ4LC0wLjU4MzMzMzMzMyA0OCwxLjc1IEw0OCw1LjI1IEM0OCw3LjU4MzMzMzMzIDQ0LDcuNTgzMzMzMzMgNDQsNS4yNSBaIiBpZD0iUGF0aCIgZmlsbD0iIzQ3OTQ2MyIgZmlsbC1ydWxlPSJub256ZXJvIj48L3BhdGg+CiAgICAgICAgICAgICAgICA8cGF0aCBkPSJNMzIuNDU5Mjc1MywxMC45OTk4MTQzIEwyOS45OTk4MTQzLDEzLjQ1OTI3NTMgTDI3LjU0MDcyNDcsMTEuMDAwMTg1NyBMMzAuMDAwMTg1Nyw4LjU0MDcyNDY1IEwzMi40NTkyNzUzLDEwLjk5OTgxNDMgWiBNMjkuOTk5ODE0MywxMy40NTkyNzUzIEwyNy41NDA3MjQ3LDExLjAwMDE4NTcgQzI1LjkwMTA4NCw5LjM2MDU0NSAyOC4zNjA1NDUsNi45MDEwODM5NSAzMC4wMDAxODU3LDguNTQwNzI0NjUgTDMyLjQ1OTI3NTMsMTAuOTk5ODE0MyBDMzQuMDk4OTE2LDEyLjYzOTQ1NSAzMS42Mzk0NTUsMTUuMDk4OTE2IDI5Ljk5OTgxNDMsMTMuNDU5Mjc1MyBaIiBpZD0iUGF0aCIgZmlsbD0iIzQ3OTQ2MyIgZmlsbC1ydWxlPSJub256ZXJvIj48L3BhdGg+CiAgICAgICAgICAgICAgICA8cGF0aCBkPSJNMjQuMjUsMjQgTDI0LjI1LDI4IEwyMC43NSwyOCBMMjAuNzUsMjQgTDI0LjI1LDI0IFogTTI0LjI1LDI4IEwyMC43NSwyOCBDMTguNDE2NjY2NywyOCAxOC40MTY2NjY3LDI0IDIwLjc1LDI0IEwyNC4yNSwyNCBDMjYuNTgzMzMzMywyNCAyNi41ODMzMzMzLDI4IDI0LjI1LDI4IFoiIGlkPSJQYXRoIiBmaWxsPSIjNDc5NDYzIiBmaWxsLXJ1bGU9Im5vbnplcm8iPjwvcGF0aD4KICAgICAgICAgICAgICAgIDxwYXRoIGQ9Ik0yOS45OTk4MTQzLDM5LjU0MDcyNDcgTDMyLjQ1OTI3NTMsNDIuMDAwMTg1NyBMMzAuMDAwMTg1Nyw0NC40NTkyNzUzIEwyNy41NDA3MjQ3LDQxLjk5OTgxNDMgTDI5Ljk5OTgxNDMsMzkuNTQwNzI0NyBaIE0zMi40NTkyNzUzLDQyLjAwMDE4NTcgTDMwLjAwMDE4NTcsNDQuNDU5Mjc1MyBDMjguMzYwNTQ1LDQ2LjA5ODkxNiAyNS45MDEwODQsNDMuNjM5NDU1IDI3LjU0MDcyNDcsNDEuOTk5ODE0MyBMMjkuOTk5ODE0MywzOS41NDA3MjQ3IEMzMS42Mzk0NTUsMzcuOTAxMDg0IDM0LjA5ODkxNiw0MC4zNjA1NDUgMzIuNDU5Mjc1Myw0Mi4wMDAxODU3IFoiIGlkPSJQYXRoIiBmaWxsPSIjNDc5NDYzIiBmaWxsLXJ1bGU9Im5vbnplcm8iPjwvcGF0aD4KICAgICAgICAgICAgICAgIDxwYXRoIGQ9Ik00NCw0Ni43NSBMNDgsNDYuNzUgTDQ4LDUwLjI1IEw0NCw1MC4yNSBMNDQsNDYuNzUgWiBNNDgsNDYuNzUgTDQ4LDUwLjI1IEM0OCw1Mi41ODMzMzMzIDQ0LDUyLjU4MzMzMzMgNDQsNTAuMjUgTDQ0LDQ2Ljc1IEM0NCw0NC40MTY2NjY3IDQ4LDQ0LjQxNjY2NjcgNDgsNDYuNzUgWiIgaWQ9IlBhdGgiIGZpbGw9IiM0Nzk0NjMiIGZpbGwtcnVsZT0ibm9uemVybyI+PC9wYXRoPgogICAgICAgICAgICAgICAgPHBhdGggZD0iTTU4LjU0MDcyNDcsNDIuMDAwMTg1NyBMNjEuMDAwMTg1NywzOS41NDA3MjQ3IEw2My40NTkyNzUzLDQxLjk5OTgxNDMgTDYwLjk5OTgxNDMsNDQuNDU5Mjc1MyBMNTguNTQwNzI0Nyw0Mi4wMDAxODU3IFogTTYxLjAwMDE4NTcsMzkuNTQwNzI0NyBMNjMuNDU5Mjc1Myw0MS45OTk4MTQzIEM2NS4wOTg5MTYsNDMuNjM5NDU1IDYyLjYzOTQ1NSw0Ni4wOTg5MTYgNjAuOTk5ODE0Myw0NC40NTkyNzUzIEw1OC41NDA3MjQ3LDQyLjAwMDE4NTcgQzU2LjkwMTA4NCw0MC4zNjA1NDUgNTkuMzYwNTQ1LDM3LjkwMTA4NCA2MS4wMDAxODU3LDM5LjU0MDcyNDcgWiIgaWQ9IlBhdGgiIGZpbGw9IiM0Nzk0NjMiIGZpbGwtcnVsZT0ibm9uemVybyI+PC9wYXRoPgogICAgICAgICAgICAgICAgPGcgaWQ9Ikdyb3VwLTciIHRyYW5zZm9ybT0idHJhbnNsYXRlKDAuMDAwMDAwLCAxOC4wMDAwMDApIj4KICAgICAgICAgICAgICAgICAgICA8cGF0aCBkPSJNMzIuNDU0NTQ1NSwzNi4wMjYzMTU4IEMyOS44MjE5MDkxLDM2LjAyNjMxNTggMjcuNTM4NjM2NCwzNC4xOTc3MzY4IDI2LjkwMjkwOTEsMzEuNTc4NTI2MyBMMjMuMTk3MzYzNiwzMS41Nzg1MjYzIEMyMi41NjE2MzY0LDM0LjE5NzczNjggMjAuMjg2LDM2LjAyNjMxNTggMTcuNjU5MDkwOSwzNi4wMjYzMTU4IEw1LjcyNzI3MjczLDM2LjAyNjMxNTggQzIuNTY5NjM2MzYsMzYuMDI2MzE1OCAtMS43NzYzNTY4NGUtMTUsMzMuNDA1MTU3OSAtMS43NzYzNTY4NGUtMTUsMzAuMTg0MjEwNSBDLTEuNzc2MzU2ODRlLTE1LDI2LjQ2NDczNjggMS4yODEsMjIuODcxODQyMSAzLjYwODE4MTgyLDIwLjA2NTY4NDIgTDUuMTMzNTQ1NDUsMTguMjIzNDczNyBMMy4wNDY5MDkwOSwxNy4wODgxNTc5IEMxLjE2NjQ1NDU1LDE2LjA2OTY4NDIgLTEuNzc2MzU2ODRlLTE1LDE0LjA5MTE1NzkgLTEuNzc2MzU2ODRlLTE1LDExLjkyNzYzMTYgQy0xLjc3NjM1Njg0ZS0xNSw1LjM1MTM2ODQyIDUuMjQ2MTgxODIsMCAxMS42OTMxODE4LDAgQzE0LjY0MDgxODIsMCAxNy40NjQzNjM2LDEuMTQxMTU3ODkgMTkuNjQ2NDU0NSwzLjIxMzE1Nzg5IEwyMS4zNTcsNC44MzcyNjMxNiBMMjIuNTc2OTA5MSwyLjgwMjI2MzE2IEMyMy42MjY5MDkxLDEuMDQ3Njg0MjEgMjUuNDQ2MjcyNywwIDI3LjQ0MTI3MjcsMCBDMjguMDU3OTA5MSwwIDI4LjY3MDcyNzMsMC4xMDEyNjMxNTggMjkuMjU2ODE4MiwwLjMwMTg0MjEwNSBDMzAuNzA3NzI3MywwLjc5NDUyNjMxNiAzMS44ODM3MjczLDEuODM0NDIxMDUgMzIuNTY3MTgxOCwzLjIzMDY4NDIxIEMzMy4yNTA2MzY0LDQuNjI4ODk0NzQgMzMuMzYxMzYzNiw2LjIxMjEwNTI2IDMyLjg3NjQ1NDUsNy42OTIxMDUyNiBMMzIuMTU4NjM2NCw5Ljg4ODczNjg0IEwzNC4wNjAwOTA5LDEwLjQ1NzM2ODQgQzM2LjQ4NjU0NTUsMTEuMTgxNzg5NSAzOC4xODE4MTgyLDEzLjQ4NzQ3MzcgMzguMTgxODE4MiwxNi4wNjU3ODk1IEwzOC4xODE4MTgyLDE4Ljk1NzYzMTYgTDM4Ljg5NTgxODIsMTkuNTQxODQyMSBDNDAuMjYyNzI3MywyMC42NTk2MzE2IDQxLjA0NTQ1NDUsMjIuMzIwNzM2OCA0MS4wNDU0NTQ1LDI0LjA5ODY4NDIgQzQxLjA0NTQ1NDUsMjUuODc2NjMxNiA0MC4yNjA4MTgyLDI3LjUzOTY4NDIgMzguODk1ODE4MiwyOC42NTc0NzM3IEwzOC4xODE4MTgyLDI5LjI0MzYzMTYgTDM4LjE4MTgxODIsMzAuMTc2NDIxMSBDMzguMTgxODE4MiwzMy40MDUxNTc5IDM1LjYxMjE4MTgsMzYuMDI2MzE1OCAzMi40NTQ1NDU1LDM2LjAyNjMxNTgiIGlkPSJGaWxsLTMiIGZpbGw9IiNGRkZGRkYiPjwvcGF0aD4KICAgICAgICAgICAgICAgICAgICA8cGF0aCBkPSJNMjUuNjMyMDU5Miw1LjIyNjI5MzMgQzI1Ljk2NTQ3NzYsNC4yMDU5ODI2MyAyNy4wNDY2MzM5LDMuNjU0NTY1ODEgMjguMDQ2ODg5NCwzLjk5NDY2OTM3IEMyOS4wNDcxNDQ4LDQuMzM0NzcyOTIgMjkuNTg3NzIzLDUuNDM3NjA2NTYgMjkuMjU0MzA0NSw2LjQ1NzkxNzIzIEwyOS4yNTQzMDQ1LDYuNDU3OTE3MjMgTDI0LjEyNTk5NDksMjIuMTUxMzE1OCBMMzAuNTQ1MTgxOCwyMi4xNTEyMDg1IEwzMC41NDU0NTQ1LDE2LjA2NTc4OTUgQzMwLjU0NTQ1NDUsMTUuMDQxNTAyIDMxLjMyMDcxOSwxNC4yMDE5MTc3IDMyLjMwNTM1MTEsMTQuMTI0MjggTDMyLjQ1NDU0NTUsMTQuMTE4NDIxMSBDMzMuNTA4OTA3MiwxNC4xMTg0MjExIDM0LjM2MzYzNjQsMTQuOTkwMjg3NiAzNC4zNjM2MzY0LDE2LjA2NTc4OTUgTDM0LjM2MzYzNjQsMTYuMDY1Nzg5NSBMMzQuMzYzMTgxOCwyMi4xNTEyMDg1IEwzNS4zMTgxODE4LDIyLjE1MTMxNTggQzM2LjMyMjMzNTksMjIuMTUxMzE1OCAzNy4xNDU0MTczLDIyLjk0MjEyNDQgMzcuMjIxNTI5LDIzLjk0NjQ5ODUgTDM3LjIyNzI3MjcsMjQuMDk4Njg0MiBDMzcuMjI3MjcyNywyNS4xNzQxODYxIDM2LjM3MjU0MzYsMjYuMDQ2MDUyNiAzNS4zMTgxODE4LDI2LjA0NjA1MjYgTDM1LjMxODE4MTgsMjYuMDQ2MDUyNiBMMzQuMzYzMTgxOCwyNi4wNDUyMDg1IEwzNC4zNjM2MzY0LDMwLjE4NDIxMDUgQzM0LjM2MzYzNjQsMzEuMjA4NDk4IDMzLjU4ODM3MTksMzIuMDQ4MDgyMyAzMi42MDM3Mzk4LDMyLjEyNTcyIEwzMi40NTQ1NDU1LDMyLjEzMTU3ODkgQzMxLjQwMDE4MzcsMzIuMTMxNTc4OSAzMC41NDU0NTQ1LDMxLjI1OTcxMjQgMzAuNTQ1NDU0NSwzMC4xODQyMTA1IEwzMC41NDU0NTQ1LDMwLjE4NDIxMDUgTDMwLjU0NTE4MTgsMjYuMDQ1MjA4NSBMMjEuNDc3MjcyNywyNi4wNDYwNTI2IEMyMC4yMjI0Njk2LDI2LjA0NjA1MjYgMTkuMzIyNzY3NCwyNC44Mzg1MjY4IDE5LjYyNTc5OTEsMjMuNjIzMDgyNyBMMTkuNjY2MTUwMSwyMy40ODI4NzIyIFogTTExLjY5MzE4MTgsMy44OTQ3MzY4NCBDMTYuMDQyNjM0NSwzLjg5NDczNjg0IDE5LjU2ODE4MTgsNy40OTA5NzE4IDE5LjU2ODE4MTgsMTEuOTI3NjMxNiBDMTkuNTY4MTgxOCwxNi4zOTQzNjc2IDE3LjA5NDEwNDQsMjAuNDc4MzQ2NyAxMy4xNzY5NTMyLDIyLjQ3NzM1ODIgTDEzLjE3Njk1MzIsMjIuNDc3MzU4MiBMMTEuOTE2NTU0NCwyMy4xMjAxOTMxIEM5Ljg3NzU1NDI4LDI0LjE1OTUyNzIgOC40MjIxMjY0OCwyNi4wNDM4MTU1IDcuODc1MTQ4NDcsMjguMjM2NzcxMSBMMTcuNjU5MDkwOSwyOC4yMzY4NDIxIEMxOC43MTM0NTI3LDI4LjIzNjg0MjEgMTkuNTY4MTgxOCwyOS4xMDg3MDg2IDE5LjU2ODE4MTgsMzAuMTg0MjEwNSBDMTkuNTY4MTgxOCwzMS4yNTk3MTI0IDE4LjcxMzQ1MjcsMzIuMTMxNTc4OSAxNy42NTkwOTA5LDMyLjEzMTU3ODkgTDE3LjY1OTA5MDksMzIuMTMxNTc4OSBMNS43MjcyNzI3MywzMi4xMzE1Nzg5IEM0LjY3MjkxMDkzLDMyLjEzMTU3ODkgMy44MTgxODE4MiwzMS4yNTk3MTI0IDMuODE4MTgxODIsMzAuMTg0MjEwNSBMMy44MTgxODE4MiwzMC4xODQyMTA1IEwzLjgyMjM3NjMzLDI5Ljg2NTc5ODQgQzMuOTM2ODM1ODgsMjUuNTIzNjk4MiA2LjM4NjAwMzE5LDIxLjU4NTMyNjMgMTAuMjA5NDEwNCwxOS42MzY0MzEzIEwxMC4yMDk0MTA0LDE5LjYzNjQzMTMgTDExLjQ2OTAxMTgsMTguOTk0MDAzMSBDMTQuMDkyNzM0NywxNy42NTUwNTc0IDE1Ljc1LDE0LjkxOTM5NjUgMTUuNzUsMTEuOTI3NjMxNiBMMTUuNzUsMTEuOTI3NjMxNiBMMTUuNzQ1MDM1NywxMS43MjEwNzc0IEMxNS42Mzk1NDQxLDkuNTMxNDAzODMgMTMuODY2MDEsNy43ODk0NzM2OCAxMS42OTMxODE4LDcuNzg5NDczNjggQzkuNDUyNDUyNyw3Ljc4OTQ3MzY4IDcuNjM2MzYzNjQsOS42NDE5NzU1NyA3LjYzNjM2MzY0LDExLjkyNzYzMTYgQzcuNjM2MzYzNjQsMTMuMDAzMTMzNSA2Ljc4MTYzNDUyLDEzLjg3NSA1LjcyNzI3MjczLDEzLjg3NSBDNC42NzI5MTA5MywxMy44NzUgMy44MTgxODE4MiwxMy4wMDMxMzM1IDMuODE4MTgxODIsMTEuOTI3NjMxNiBDMy44MTgxODE4Miw3LjQ5MDk3MTggNy4zNDM3MjkxMSwzLjg5NDczNjg0IDExLjY5MzE4MTgsMy44OTQ3MzY4NCBaIiBpZD0iQ29tYmluZWQtU2hhcGUiIGZpbGw9IiM0Nzk0NjMiIGZpbGwtcnVsZT0ibm9uemVybyI+PC9wYXRoPgogICAgICAgICAgICAgICAgPC9nPgogICAgICAgICAgICA8L2c+CiAgICAgICAgPC9nPgogICAgPC9nPgo8L3N2Zz4=
- ID: "6954b7c7-2487-423f-8600-436cb3b6dc0e"
  Hint: Size
  Value: 7769
- ID: "6f47a0a5-9c94-4b48-abeb-42d38def6054"
  Hint: Mime Type
  Value: image/svg+xml
- ID: "c06867fe-9a43-4c7d-b739-48780492d06f"
  Hint: Extension
  Value: svg
Languages:
- Language: "el-GR"
  Versions:
  - Version: 1
    Fields:
    - ID: "25bed78c-4957-4165-998a-ca1b52f67497"
      Hint: __Created
      Value: 20191104T131914Z
    - ID: "5dd74568-4d4b-44c1-b513-0af5f4cda34f"
      Hint: __Created by
      Value: |
        sitecore\Admin
